
Microsoft Visual Studio Solution File, Format Version 12.00
# Visual Studio Version 17
VisualStudioVersion = 17.5.002.0
MinimumVisualStudioVersion = 10.0.40219.1
Project("{9A19103F-16F7-4668-BE54-9A1E7A4F7556}") = "MyWebApp", "MyWebApp.csproj", "{9F051021-25A5-42A7-96AC-3D17A5BD7690}"
EndProject
Global
	GlobalSection(SolutionConfigurationPlatforms) = preSolution
		Debug|Any CPU = Debug|Any CPU
		Release|Any CPU = Release|Any CPU
	EndGlobalSection
	GlobalSection(ProjectConfigurationPlatforms) = postSolution
		{9F051021-25A5-42A7-96AC-3D17A5BD7690}.Debug|Any CPU.ActiveCfg = Debug|Any CPU
		{9F051021-25A5-42A7-96AC-3D17A5BD7690}.Debug|Any CPU.Build.0 = Debug|Any CPU
		{9F051021-25A5-42A7-96AC-3D17A5BD7690}.Release|Any CPU.ActiveCfg = Release|Any CPU
		{9F051021-25A5-42A7-96AC-3D17A5BD7690}.Release|Any CPU.Build.0 = Release|Any CPU
	EndGlobalSection
	GlobalSection(SolutionProperties) = preSolution
		HideSolutionNode = FALSE
	EndGlobalSection
	GlobalSection(ExtensibilityGlobals) = postSolution
		SolutionGuid = {97238CF3-D179-4724-8116-10B0F213AD47}
	EndGlobalSection
EndGlobal
